
Microsoft Visual Studio Solution File, Format Version 12.00
# Visual Studio Version 16
VisualStudioVersion = 16.0.31313.79
MinimumVisualStudioVersion = 10.0.40219.1
Project("{FAE04EC0-301F-11D3-BF4B-00C04F79EFBC}") = "XamarinDatosLocales.Android", "XamarinDatosLocales\XamarinDatosLocales.Android\XamarinDatosLocales.Android.csproj", "{7EF298D9-F1C2-4094-820C-95BD5C1052D7}"
EndProject
Project("{FAE04EC0-301F-11D3-BF4B-00C04F79EFBC}") = "XamarinDatosLocales.iOS", "XamarinDatosLocales\XamarinDatosLocales.iOS\XamarinDatosLocales.iOS.csproj", "{3D7D8480-62B6-444D-870A-8BAC6088D5A1}"
EndProject
Project("{FAE04EC0-301F-11D3-BF4B-00C04F79EFBC}") = "XamarinDatosLocales", "XamarinDatosLocales\XamarinDatosLocales\XamarinDatosLocales.csproj", "{DFB39D5E-8724-4E39-B2F0-613F3D601C86}"
EndProject
Global
	GlobalSection(SolutionConfigurationPlatforms) = preSolution
		Debug|Any CPU = Debug|Any CPU
		Debug|iPhone = Debug|iPhone
		Debug|iPhoneSimulator = Debug|iPhoneSimulator
		Release|Any CPU = Release|Any CPU
		Release|iPhone = Release|iPhone
		Release|iPhoneSimulator = Release|iPhoneSimulator
	EndGlobalSection
	GlobalSection(ProjectConfigurationPlatforms) = postSolution
		{7EF298D9-F1C2-4094-820C-95BD5C1052D7}.Debug|Any CPU.ActiveCfg = Debug|Any CPU
		{7EF298D9-F1C2-4094-820C-95BD5C1052D7}.Debug|Any CPU.Build.0 = Debug|Any CPU
		{7EF298D9-F1C2-4094-820C-95BD5C1052D7}.Debug|Any CPU.Deploy.0 = Debug|Any CPU
		{7EF298D9-F1C2-4094-820C-95BD5C1052D7}.Debug|iPhone.ActiveCfg = Debug|Any CPU
		{7EF298D9-F1C2-4094-820C-95BD5C1052D7}.Debug|iPhone.Build.0 = Debug|Any CPU
		{7EF298D9-F1C2-4094-820C-95BD5C1052D7}.Debug|iPhone.Deploy.0 = Debug|Any CPU
		{7EF298D9-F1C2-4094-820C-95BD5C1052D7}.Debug|iPhoneSimulator.ActiveCfg = Debug|Any CPU
		{7EF298D9-F1C2-4094-820C-95BD5C1052D7}.Debug|iPhoneSimulator.Build.0 = Debug|Any CPU
		{7EF298D9-F1C2-4094-820C-95BD5C1052D7}.Debug|iPhoneSimulator.Deploy.0 = Debug|Any CPU
		{7EF298D9-F1C2-4094-820C-95BD5C1052D7}.Release|Any CPU.ActiveCfg = Release|Any CPU
		{7EF298D9-F1C2-4094-820C-95BD5C1052D7}.Release|Any CPU.Build.0 = Release|Any CPU
		{7EF298D9-F1C2-4094-820C-95BD5C1052D7}.Release|Any CPU.Deploy.0 = Release|Any CPU
		{7EF298D9-F1C2-4094-820C-95BD5C1052D7}.Release|iPhone.ActiveCfg = Release|Any CPU
		{7EF298D9-F1C2-4094-820C-95BD5C1052D7}.Release|iPhone.Build.0 = Release|Any CPU
		{7EF298D9-F1C2-4094-820C-95BD5C1052D7}.Release|iPhone.Deploy.0 = Release|Any CPU
		{7EF298D9-F1C2-4094-820C-95BD5C1052D7}.Release|iPhoneSimulator.ActiveCfg = Release|Any CPU
		{7EF298D9-F1C2-4094-820C-95BD5C1052D7}.Release|iPhoneSimulator.Build.0 = Release|Any CPU
		{7EF298D9-F1C2-4094-820C-95BD5C1052D7}.Release|iPhoneSimulator.Deploy.0 = Release|Any CPU
		{3D7D8480-62B6-444D-870A-8BAC6088D5A1}.Debug|Any CPU.ActiveCfg = Debug|iPhone
		{3D7D8480-62B6-444D-870A-8BAC6088D5A1}.Debug|Any CPU.Build.0 = Debug|iPhone
		{3D7D8480-62B6-444D-870A-8BAC6088D5A1}.Debug|Any CPU.Deploy.0 = Debug|iPhone
		{3D7D8480-62B6-444D-870A-8BAC6088D5A1}.Debug|iPhone.ActiveCfg = Debug|iPhone
		{3D7D8480-62B6-444D-870A-8BAC6088D5A1}.Debug|iPhone.Build.0 = Debug|iPhone
		{3D7D8480-62B6-444D-870A-8BAC6088D5A1}.Debug|iPhone.Deploy.0 = Debug|iPhone
		{3D7D8480-62B6-444D-870A-8BAC6088D5A1}.Debug|iPhoneSimulator.ActiveCfg = Debug|iPhoneSimulator
		{3D7D8480-62B6-444D-870A-8BAC6088D5A1}.Debug|iPhoneSimulator.Build.0 = Debug|iPhoneSimulator
		{3D7D8480-62B6-444D-870A-8BAC6088D5A1}.Debug|iPhoneSimulator.Deploy.0 = Debug|iPhoneSimulator
		{3D7D8480-62B6-444D-870A-8BAC6088D5A1}.Release|Any CPU.ActiveCfg = Release|iPhoneSimulator
		{3D7D8480-62B6-444D-870A-8BAC6088D5A1}.Release|Any CPU.Build.0 = Release|iPhoneSimulator
		{3D7D8480-62B6-444D-870A-8BAC6088D5A1}.Release|Any CPU.Deploy.0 = Release|iPhoneSimulator
		{3D7D8480-62B6-444D-870A-8BAC6088D5A1}.Release|iPhone.ActiveCfg = Release|iPhone
		{3D7D8480-62B6-444D-870A-8BAC6088D5A1}.Release|iPhone.Build.0 = Release|iPhone
		{3D7D8480-62B6-444D-870A-8BAC6088D5A1}.Release|iPhone.Deploy.0 = Release|iPhone
		{3D7D8480-62B6-444D-870A-8BAC6088D5A1}.Release|iPhoneSimulator.ActiveCfg = Release|iPhoneSimulator
		{3D7D8480-62B6-444D-870A-8BAC6088D5A1}.Release|iPhoneSimulator.Build.0 = Release|iPhoneSimulator
		{3D7D8480-62B6-444D-870A-8BAC6088D5A1}.Release|iPhoneSimulator.Deploy.0 = Release|iPhoneSimulator
		{DFB39D5E-8724-4E39-B2F0-613F3D601C86}.Debug|Any CPU.ActiveCfg = Debug|Any CPU
		{DFB39D5E-8724-4E39-B2F0-613F3D601C86}.Debug|Any CPU.Build.0 = Debug|Any CPU
		{DFB39D5E-8724-4E39-B2F0-613F3D601C86}.Debug|Any CPU.Deploy.0 = Debug|Any CPU
		{DFB39D5E-8724-4E39-B2F0-613F3D601C86}.Debug|iPhone.ActiveCfg = Debug|Any CPU
		{DFB39D5E-8724-4E39-B2F0-613F3D601C86}.Debug|iPhone.Build.0 = Debug|Any CPU
		{DFB39D5E-8724-4E39-B2F0-613F3D601C86}.Debug|iPhone.Deploy.0 = Debug|Any CPU
		{DFB39D5E-8724-4E39-B2F0-613F3D601C86}.Debug|iPhoneSimulator.ActiveCfg = Debug|Any CPU
		{DFB39D5E-8724-4E39-B2F0-613F3D601C86}.Debug|iPhoneSimulator.Build.0 = Debug|Any CPU
		{DFB39D5E-8724-4E39-B2F0-613F3D601C86}.Debug|iPhoneSimulator.Deploy.0 = Debug|Any CPU
		{DFB39D5E-8724-4E39-B2F0-613F3D601C86}.Release|Any CPU.ActiveCfg = Release|Any CPU
		{DFB39D5E-8724-4E39-B2F0-613F3D601C86}.Release|Any CPU.Build.0 = Release|Any CPU
		{DFB39D5E-8724-4E39-B2F0-613F3D601C86}.Release|Any CPU.Deploy.0 = Release|Any CPU
		{DFB39D5E-8724-4E39-B2F0-613F3D601C86}.Release|iPhone.ActiveCfg = Release|Any CPU
		{DFB39D5E-8724-4E39-B2F0-613F3D601C86}.Release|iPhone.Build.0 = Release|Any CPU
		{DFB39D5E-8724-4E39-B2F0-613F3D601C86}.Release|iPhone.Deploy.0 = Release|Any CPU
		{DFB39D5E-8724-4E39-B2F0-613F3D601C86}.Release|iPhoneSimulator.ActiveCfg = Release|Any CPU
		{DFB39D5E-8724-4E39-B2F0-613F3D601C86}.Release|iPhoneSimulator.Build.0 = Release|Any CPU
		{DFB39D5E-8724-4E39-B2F0-613F3D601C86}.Release|iPhoneSimulator.Deploy.0 = Release|Any CPU
	EndGlobalSection
	GlobalSection(SolutionProperties) = preSolution
		HideSolutionNode = FALSE
	EndGlobalSection
	GlobalSection(ExtensibilityGlobals) = postSolution
		SolutionGuid = {3FB45B2F-5444-4C41-8DFA-DFAF6274F084}
	EndGlobalSection
EndGlobal
